
Microsoft Visual Studio Solution File, Format Version 12.00
# Visual Studio Version 16
VisualStudioVersion = 16.0.29911.84
MinimumVisualStudioVersion = 10.0.40219.1
Project("{FAE04EC0-301F-11D3-BF4B-00C04F79EFBC}") = "ProjectA", "ProjectA\ProjectA.csproj", "{5EA8CBD8-0948-4DC4-ABC2-493C5E87EB32}"
EndProject
Project("{FAE04EC0-301F-11D3-BF4B-00C04F79EFBC}") = "ProjectB", "ProjectB\ProjectB.csproj", "{C5666C34-5CE6-41B1-B5F0-624CDA9BFC11}"
EndProject
Global
	GlobalSection(SolutionConfigurationPlatforms) = preSolution
		Debug|Any CPU = Debug|Any CPU
		Release|Any CPU = Release|Any CPU
	EndGlobalSection
	GlobalSection(ProjectConfigurationPlatforms) = postSolution
		{5EA8CBD8-0948-4DC4-ABC2-493C5E87EB32}.Debug|Any CPU.ActiveCfg = Debug|Any CPU
		{5EA8CBD8-0948-4DC4-ABC2-493C5E87EB32}.Debug|Any CPU.Build.0 = Debug|Any CPU
		{5EA8CBD8-0948-4DC4-ABC2-493C5E87EB32}.Release|Any CPU.ActiveCfg = Release|Any CPU
		{5EA8CBD8-0948-4DC4-ABC2-493C5E87EB32}.Release|Any CPU.Build.0 = Release|Any CPU
		{C5666C34-5CE6-41B1-B5F0-624CDA9BFC11}.Debug|Any CPU.ActiveCfg = Debug|Any CPU
		{C5666C34-5CE6-41B1-B5F0-624CDA9BFC11}.Debug|Any CPU.Build.0 = Debug|Any CPU
		{C5666C34-5CE6-41B1-B5F0-624CDA9BFC11}.Release|Any CPU.ActiveCfg = Release|Any CPU
		{C5666C34-5CE6-41B1-B5F0-624CDA9BFC11}.Release|Any CPU.Build.0 = Release|Any CPU
	EndGlobalSection
	GlobalSection(SolutionProperties) = preSolution
		HideSolutionNode = FALSE
	EndGlobalSection
	GlobalSection(ExtensibilityGlobals) = postSolution
		SolutionGuid = {774B0F11-56B4-478E-9F67-6B0AB877CB79}
	EndGlobalSection
EndGlobal
